
Microsoft Visual Studio Solution File, Format Version 12.00
# Visual Studio Version 17
VisualStudioVersion = 17.4.33122.133
MinimumVisualStudioVersion = 10.0.40219.1
Project("{9A19103F-16F7-4668-BE54-9A1E7A4F7556}") = "ENG4.Domain", "ENG4.Domain\ENG4.Domain.csproj", "{705BA565-9B3A-4925-BCA8-43DCF79C5E90}"
EndProject
Project("{9A19103F-16F7-4668-BE54-9A1E7A4F7556}") = "ENG4.Application", "ENG4.Application\ENG4.Application.csproj", "{D70A01FB-C92C-4C50-A4B5-098DB851BBBF}"
EndProject
Project("{9A19103F-16F7-4668-BE54-9A1E7A4F7556}") = "ENG4.Infra.Data", "ENG4.Infra.Data\ENG4.Infra.Data.csproj", "{AE5F2E69-835F-4B69-A804-48A974A5FBB4}"
EndProject
Project("{9A19103F-16F7-4668-BE54-9A1E7A4F7556}") = "ENG4.Infra.IoC", "ENG4.Infra.IoC\ENG4.Infra.IoC.csproj", "{2360EB79-091B-4C63-9F82-BAFEAC7ADB45}"
EndProject
Project("{9A19103F-16F7-4668-BE54-9A1E7A4F7556}") = "ENG4.WebUI", "ENG4.WebUI\ENG4.WebUI.csproj", "{BC1D8B77-AE1B-402F-A270-A38C1E2E3957}"
EndProject
Global
	GlobalSection(SolutionConfigurationPlatforms) = preSolution
		Debug|Any CPU = Debug|Any CPU
		Release|Any CPU = Release|Any CPU
	EndGlobalSection
	GlobalSection(ProjectConfigurationPlatforms) = postSolution
		{705BA565-9B3A-4925-BCA8-43DCF79C5E90}.Debug|Any CPU.ActiveCfg = Debug|Any CPU
		{705BA565-9B3A-4925-BCA8-43DCF79C5E90}.Debug|Any CPU.Build.0 = Debug|Any CPU
		{705BA565-9B3A-4925-BCA8-43DCF79C5E90}.Release|Any CPU.ActiveCfg = Release|Any CPU
		{705BA565-9B3A-4925-BCA8-43DCF79C5E90}.Release|Any CPU.Build.0 = Release|Any CPU
		{D70A01FB-C92C-4C50-A4B5-098DB851BBBF}.Debug|Any CPU.ActiveCfg = Debug|Any CPU
		{D70A01FB-C92C-4C50-A4B5-098DB851BBBF}.Debug|Any CPU.Build.0 = Debug|Any CPU
		{D70A01FB-C92C-4C50-A4B5-098DB851BBBF}.Release|Any CPU.ActiveCfg = Release|Any CPU
		{D70A01FB-C92C-4C50-A4B5-098DB851BBBF}.Release|Any CPU.Build.0 = Release|Any CPU
		{AE5F2E69-835F-4B69-A804-48A974A5FBB4}.Debug|Any CPU.ActiveCfg = Debug|Any CPU
		{AE5F2E69-835F-4B69-A804-48A974A5FBB4}.Debug|Any CPU.Build.0 = Debug|Any CPU
		{AE5F2E69-835F-4B69-A804-48A974A5FBB4}.Release|Any CPU.ActiveCfg = Release|Any CPU
		{AE5F2E69-835F-4B69-A804-48A974A5FBB4}.Release|Any CPU.Build.0 = Release|Any CPU
		{2360EB79-091B-4C63-9F82-BAFEAC7ADB45}.Debug|Any CPU.ActiveCfg = Debug|Any CPU
		{2360EB79-091B-4C63-9F82-BAFEAC7ADB45}.Debug|Any CPU.Build.0 = Debug|Any CPU
		{2360EB79-091B-4C63-9F82-BAFEAC7ADB45}.Release|Any CPU.ActiveCfg = Release|Any CPU
		{2360EB79-091B-4C63-9F82-BAFEAC7ADB45}.Release|Any CPU.Build.0 = Release|Any CPU
		{BC1D8B77-AE1B-402F-A270-A38C1E2E3957}.Debug|Any CPU.ActiveCfg = Debug|Any CPU
		{BC1D8B77-AE1B-402F-A270-A38C1E2E3957}.Debug|Any CPU.Build.0 = Debug|Any CPU
		{BC1D8B77-AE1B-402F-A270-A38C1E2E3957}.Release|Any CPU.ActiveCfg = Release|Any CPU
		{BC1D8B77-AE1B-402F-A270-A38C1E2E3957}.Release|Any CPU.Build.0 = Release|Any CPU
	EndGlobalSection
	GlobalSection(SolutionProperties) = preSolution
		HideSolutionNode = FALSE
	EndGlobalSection
	GlobalSection(ExtensibilityGlobals) = postSolution
		SolutionGuid = {785E87AB-B787-4151-A21A-03F21B1BA57A}
	EndGlobalSection
EndGlobal
